
Microsoft Visual Studio Solution File, Format Version 12.00
# Visual Studio 2015
Project("{FAE04EC0-301F-11D3-BF4B-00C04F79EFBC}") = "CommonFramework", "CommonFramework.csproj", "{0398D1BD-BAE8-F1C0-136C-7E73EBC3797F}"
EndProject
Project("{FAE04EC0-301F-11D3-BF4B-00C04F79EFBC}") = "CommonFramework.Editor", "CommonFramework.Editor.csproj", "{7F000162-35CE-97CD-4B49-A21C81E019F2}"
EndProject
Global
	GlobalSection(SolutionConfigurationPlatforms) = preSolution
		Debug|Any CPU = Debug|Any CPU
		Release|Any CPU = Release|Any CPU
	EndGlobalSection
	GlobalSection(ProjectConfigurationPlatforms) = postSolution
		{0398D1BD-BAE8-F1C0-136C-7E73EBC3797F}.Debug|Any CPU.ActiveCfg = Debug|Any CPU
		{0398D1BD-BAE8-F1C0-136C-7E73EBC3797F}.Debug|Any CPU.Build.0 = Debug|Any CPU
		{0398D1BD-BAE8-F1C0-136C-7E73EBC3797F}.Release|Any CPU.ActiveCfg = Release|Any CPU
		{0398D1BD-BAE8-F1C0-136C-7E73EBC3797F}.Release|Any CPU.Build.0 = Release|Any CPU
		{7F000162-35CE-97CD-4B49-A21C81E019F2}.Debug|Any CPU.ActiveCfg = Debug|Any CPU
		{7F000162-35CE-97CD-4B49-A21C81E019F2}.Debug|Any CPU.Build.0 = Debug|Any CPU
		{7F000162-35CE-97CD-4B49-A21C81E019F2}.Release|Any CPU.ActiveCfg = Release|Any CPU
		{7F000162-35CE-97CD-4B49-A21C81E019F2}.Release|Any CPU.Build.0 = Release|Any CPU
	EndGlobalSection
	GlobalSection(SolutionProperties) = preSolution
		HideSolutionNode = FALSE
	EndGlobalSection
EndGlobal
